
Microsoft Visual Studio Solution File, Format Version 12.00
# Visual Studio Version 17
VisualStudioVersion = 17.3.32901.215
MinimumVisualStudioVersion = 10.0.40219.1
Project("{FAE04EC0-301F-11D3-BF4B-00C04F79EFBC}") = "Z1_Console", "Z1_Console\Z1_Console.csproj", "{CAD28882-C14A-4175-BF22-F75FC7A81B4F}"
EndProject
Project("{FAE04EC0-301F-11D3-BF4B-00C04F79EFBC}") = "Z1_Forms", "Z1_Forms\Z1_Forms.csproj", "{4137A633-ABF5-4B77-A61A-2FFCD5488FAD}"
EndProject
Project("{FAE04EC0-301F-11D3-BF4B-00C04F79EFBC}") = "Z2_Console", "Z2_Console\Z2_Console.csproj", "{9E0B3DE3-9DC3-4075-A4E6-1F65A9CB0EB1}"
EndProject
Project("{FAE04EC0-301F-11D3-BF4B-00C04F79EFBC}") = "Z2_Forms", "Z2_Forms\Z2_Forms.csproj", "{23E103F7-98FB-4407-87B1-19DFC70292E4}"
EndProject
Project("{FAE04EC0-301F-11D3-BF4B-00C04F79EFBC}") = "Z3_Console", "Z3_Console\Z3_Console.csproj", "{CB48AEC5-86CF-4D8F-8D67-3A640FAA269E}"
EndProject
Project("{FAE04EC0-301F-11D3-BF4B-00C04F79EFBC}") = "Z3_Forms", "Z3_Forms\Z3_Forms.csproj", "{46CEC835-283A-4C88-B02F-C0D1A7EE6DB9}"
EndProject
Project("{FAE04EC0-301F-11D3-BF4B-00C04F79EFBC}") = "Z4_Console", "Z4_Console\Z4_Console.csproj", "{F261F3BD-F869-4E8A-A621-B9F2D0E1B822}"
EndProject
Project("{FAE04EC0-301F-11D3-BF4B-00C04F79EFBC}") = "Z4_Forms", "Z4_Forms\Z4_Forms.csproj", "{5E9BD88C-FC8E-4A21-BCC6-5A2BFD7F57D4}"
EndProject
Global
	GlobalSection(SolutionConfigurationPlatforms) = preSolution
		Debug|Any CPU = Debug|Any CPU
		Release|Any CPU = Release|Any CPU
	EndGlobalSection
	GlobalSection(ProjectConfigurationPlatforms) = postSolution
		{CAD28882-C14A-4175-BF22-F75FC7A81B4F}.Debug|Any CPU.ActiveCfg = Debug|Any CPU
		{CAD28882-C14A-4175-BF22-F75FC7A81B4F}.Debug|Any CPU.Build.0 = Debug|Any CPU
		{CAD28882-C14A-4175-BF22-F75FC7A81B4F}.Release|Any CPU.ActiveCfg = Release|Any CPU
		{CAD28882-C14A-4175-BF22-F75FC7A81B4F}.Release|Any CPU.Build.0 = Release|Any CPU
		{4137A633-ABF5-4B77-A61A-2FFCD5488FAD}.Debug|Any CPU.ActiveCfg = Debug|Any CPU
		{4137A633-ABF5-4B77-A61A-2FFCD5488FAD}.Debug|Any CPU.Build.0 = Debug|Any CPU
		{4137A633-ABF5-4B77-A61A-2FFCD5488FAD}.Release|Any CPU.ActiveCfg = Release|Any CPU
		{4137A633-ABF5-4B77-A61A-2FFCD5488FAD}.Release|Any CPU.Build.0 = Release|Any CPU
		{9E0B3DE3-9DC3-4075-A4E6-1F65A9CB0EB1}.Debug|Any CPU.ActiveCfg = Debug|Any CPU
		{9E0B3DE3-9DC3-4075-A4E6-1F65A9CB0EB1}.Debug|Any CPU.Build.0 = Debug|Any CPU
		{9E0B3DE3-9DC3-4075-A4E6-1F65A9CB0EB1}.Release|Any CPU.ActiveCfg = Release|Any CPU
		{9E0B3DE3-9DC3-4075-A4E6-1F65A9CB0EB1}.Release|Any CPU.Build.0 = Release|Any CPU
		{23E103F7-98FB-4407-87B1-19DFC70292E4}.Debug|Any CPU.ActiveCfg = Debug|Any CPU
		{23E103F7-98FB-4407-87B1-19DFC70292E4}.Debug|Any CPU.Build.0 = Debug|Any CPU
		{23E103F7-98FB-4407-87B1-19DFC70292E4}.Release|Any CPU.ActiveCfg = Release|Any CPU
		{23E103F7-98FB-4407-87B1-19DFC70292E4}.Release|Any CPU.Build.0 = Release|Any CPU
		{CB48AEC5-86CF-4D8F-8D67-3A640FAA269E}.Debug|Any CPU.ActiveCfg = Debug|Any CPU
		{CB48AEC5-86CF-4D8F-8D67-3A640FAA269E}.Debug|Any CPU.Build.0 = Debug|Any CPU
		{CB48AEC5-86CF-4D8F-8D67-3A640FAA269E}.Release|Any CPU.ActiveCfg = Release|Any CPU
		{CB48AEC5-86CF-4D8F-8D67-3A640FAA269E}.Release|Any CPU.Build.0 = Release|Any CPU
		{46CEC835-283A-4C88-B02F-C0D1A7EE6DB9}.Debug|Any CPU.ActiveCfg = Debug|Any CPU
		{46CEC835-283A-4C88-B02F-C0D1A7EE6DB9}.Debug|Any CPU.Build.0 = Debug|Any CPU
		{46CEC835-283A-4C88-B02F-C0D1A7EE6DB9}.Release|Any CPU.ActiveCfg = Release|Any CPU
		{46CEC835-283A-4C88-B02F-C0D1A7EE6DB9}.Release|Any CPU.Build.0 = Release|Any CPU
		{F261F3BD-F869-4E8A-A621-B9F2D0E1B822}.Debug|Any CPU.ActiveCfg = Debug|Any CPU
		{F261F3BD-F869-4E8A-A621-B9F2D0E1B822}.Debug|Any CPU.Build.0 = Debug|Any CPU
		{F261F3BD-F869-4E8A-A621-B9F2D0E1B822}.Release|Any CPU.ActiveCfg = Release|Any CPU
		{F261F3BD-F869-4E8A-A621-B9F2D0E1B822}.Release|Any CPU.Build.0 = Release|Any CPU
		{5E9BD88C-FC8E-4A21-BCC6-5A2BFD7F57D4}.Debug|Any CPU.ActiveCfg = Debug|Any CPU
		{5E9BD88C-FC8E-4A21-BCC6-5A2BFD7F57D4}.Debug|Any CPU.Build.0 = Debug|Any CPU
		{5E9BD88C-FC8E-4A21-BCC6-5A2BFD7F57D4}.Release|Any CPU.ActiveCfg = Release|Any CPU
		{5E9BD88C-FC8E-4A21-BCC6-5A2BFD7F57D4}.Release|Any CPU.Build.0 = Release|Any CPU
	EndGlobalSection
	GlobalSection(SolutionProperties) = preSolution
		HideSolutionNode = FALSE
	EndGlobalSection
	GlobalSection(ExtensibilityGlobals) = postSolution
		SolutionGuid = {B60DF02B-5C59-4376-B82F-04E2A01F3F9E}
	EndGlobalSection
EndGlobal
